<?xml version="1.0" encoding="utf-8"?>
<Project ToolsVersion="4.0" xmlns="http://schemas.microsoft.com/developer/msbuild/2003">
  <ItemGroup>
    <Filter Include="Source Files">
      <UniqueIdentifier>{4FC737F1-C7A5-4376-A066-2A32D752A2FF}</UniqueIdentifier>
      <Extensions>cpp;c;cc;cxx;c++;cppm;ixx;def;odl;idl;hpj;bat;asm;asmx</Extensions>
    </Filter>
    <Filter Include="Header Files">
      <UniqueIdentifier>{93995380-89BD-4b04-88EB-625FBE52EBFB}</UniqueIdentifier>
      <Extensions>h;hh;hpp;hxx;h++;hm;inl;inc;ipp;xsd</Extensions>
    </Filter>
    <Filter Include="Resource Files">
      <UniqueIdentifier>{67DA6AB6-F800-4c08-8B7A-83BB121AAD01}</UniqueIdentifier>
      <Extensions>rc;ico;cur;bmp;dlg;rc2;rct;bin;rgs;gif;jpg;jpeg;jpe;resx;tiff;tif;png;wav;mfcribbon-ms</Extensions>
    </Filter>
  </ItemGroup>
  <ItemGroup>
    <ClCompile Include="ASTL.cpp">
      <Filter>Source Files</Filter>
    </ClCompile>
    <ClCompile Include="BVH.cpp">
      <Filter>Source Files</Filter>
    </ClCompile>
    <ClCompile Include="CPURayTrace.cpp">
      <Filter>Source Files</Filter>
    </ClCompile>
    <ClCompile Include="MultiThreading\ParallelFor.cpp">
      <Filter>Source Files</Filter>
    </ClCompile>
    <ClCompile Include="MultiThreading\ThreadPool.cpp">
      <Filter>Source Files</Filter>
    </ClCompile>
  </ItemGroup>
  <ItemGroup>
    <ClInclude Include="Algorithms.hpp">
      <Filter>Header Files</Filter>
    </ClInclude>
    <ClInclude Include="Array.hpp">
      <Filter>Header Files</Filter>
    </ClInclude>
    <ClInclude Include="Bitset.hpp">
      <Filter>Header Files</Filter>
    </ClInclude>
    <ClInclude Include="Common.hpp">
      <Filter>Header Files</Filter>
    </ClInclude>
    <ClInclude Include="CPURayTrace.hpp">
      <Filter>Header Files</Filter>
    </ClInclude>
    <ClInclude Include="HashMap.hpp">
      <Filter>Header Files</Filter>
    </ClInclude>
    <ClInclude Include="HashSet.hpp">
      <Filter>Header Files</Filter>
    </ClInclude>
    <ClInclude Include="Memory.hpp">
      <Filter>Header Files</Filter>
    </ClInclude>
    <ClInclude Include="Random.hpp">
      <Filter>Header Files</Filter>
    </ClInclude>
    <ClInclude Include="Stack.hpp">
      <Filter>Header Files</Filter>
    </ClInclude>
    <ClInclude Include="Timer.hpp">
      <Filter>Header Files</Filter>
    </ClInclude>
    <ClInclude Include="Math\Camera.hpp">
      <Filter>Header Files</Filter>
    </ClInclude>
    <ClInclude Include="Math\Math.hpp">
      <Filter>Header Files</Filter>
    </ClInclude>
    <ClInclude Include="Math\Matrix.hpp">
      <Filter>Header Files</Filter>
    </ClInclude>
    <ClInclude Include="Math\Quaternion.hpp">
      <Filter>Header Files</Filter>
    </ClInclude>
    <ClInclude Include="Math\SIMDCommon.hpp">
      <Filter>Header Files</Filter>
    </ClInclude>
    <ClInclude Include="Math\Transform.hpp">
      <Filter>Header Files</Filter>
    </ClInclude>
    <ClInclude Include="Math\Vector.hpp">
      <Filter>Header Files</Filter>
    </ClInclude>
    <ClInclude Include="BVH.hpp">
      <Filter>Header Files</Filter>
    </ClInclude>
    <ClInclude Include="SegmentedArray.hpp">
      <Filter>Header Files</Filter>
    </ClInclude>
    <ClInclude Include="String.hpp">
      <Filter>Header Files</Filter>
    </ClInclude>
    <ClInclude Include="Queue.hpp">
      <Filter>Header Files</Filter>
    </ClInclude>
    <ClInclude Include="MultiThreading\Common.hpp">
      <Filter>Header Files</Filter>
    </ClInclude>
    <ClInclude Include="MultiThreading\ParallelFor.hpp">
      <Filter>Header Files</Filter>
    </ClInclude>
    <ClInclude Include="MultiThreading\Semaphore.hpp">
      <Filter>Header Files</Filter>
    </ClInclude>
    <ClInclude Include="MultiThreading\ThreadPool.hpp">
      <Filter>Header Files</Filter>
    </ClInclude>
    <ClInclude Include="RBTree.hpp">
      <Filter>Header Files</Filter>
    </ClInclude>
  </ItemGroup>
</Project>